// !$*UTF8*$!
{
	archiveVersion = 1;
	classes = {
	};
	objectVersion = 50;
	objects = {

/* Begin PBXBuildFile section */
		BB05139B23E82C6F00048C8E /* Group.swift in Sources */ = {isa = PBXBuildFile; fileRef = BB05139A23E82C6F00048C8E /* Group.swift */; };
		BB05139D23E82CCE00048C8E /* ApiKey.swift in Sources */ = {isa = PBXBuildFile; fileRef = BB05139C23E82CCE00048C8E /* ApiKey.swift */; };
		BB1157C423F10DF80022BDF2 /* LastUpdateCell.swift in Sources */ = {isa = PBXBuildFile; fileRef = BB1157C323F10DF80022BDF2 /* LastUpdateCell.swift */; };
		BB1997BC23E85F8000B70D42 /* TimeTableJSONParser.swift in Sources */ = {isa = PBXBuildFile; fileRef = BB1997BB23E85F8000B70D42 /* TimeTableJSONParser.swift */; };
		BB36B29A23E1C97400659B50 /* GetTimeTableResponse.swift in Sources */ = {isa = PBXBuildFile; fileRef = BB36B29923E1C97400659B50 /* GetTimeTableResponse.swift */; };
		BB65242023F3064D00D200FB /* CoreDataGroupSchedule.xcdatamodeld in Sources */ = {isa = PBXBuildFile; fileRef = BB65241E23F3064D00D200FB /* CoreDataGroupSchedule.xcdatamodeld */; };
		BB720C5423F3F1A80048B27D /* CDGroupSchedule+CoreDataClass.swift in Sources */ = {isa = PBXBuildFile; fileRef = BB720C5223F3F1A80048B27D /* CDGroupSchedule+CoreDataClass.swift */; };
		BB720C5523F3F1A80048B27D /* CDGroupSchedule+CoreDataProperties.swift in Sources */ = {isa = PBXBuildFile; fileRef = BB720C5323F3F1A80048B27D /* CDGroupSchedule+CoreDataProperties.swift */; };
		BB7255DF23E3295600911B70 /* TimeTableJSON.swift in Sources */ = {isa = PBXBuildFile; fileRef = BB7255DE23E3295600911B70 /* TimeTableJSON.swift */; };
		BB7255E123E350CA00911B70 /* NetworkError.swift in Sources */ = {isa = PBXBuildFile; fileRef = BB7255E023E350CA00911B70 /* NetworkError.swift */; };
		BBC902EF23E1B81D0021CA1C /* NetworkService.swift in Sources */ = {isa = PBXBuildFile; fileRef = BBC902EE23E1B81D0021CA1C /* NetworkService.swift */; };
		BBC902F223E1BA640021CA1C /* TimeTableNetworkService.swift in Sources */ = {isa = PBXBuildFile; fileRef = BBC902F123E1BA640021CA1C /* TimeTableNetworkService.swift */; };
		BBDB02F323EE8D2F008355A0 /* GroupSchedule.swift in Sources */ = {isa = PBXBuildFile; fileRef = BBDB02F223EE8D2F008355A0 /* GroupSchedule.swift */; };
		BBE2AC8523E19002008FF119 /* AppDelegate.swift in Sources */ = {isa = PBXBuildFile; fileRef = BBE2AC8423E19002008FF119 /* AppDelegate.swift */; };
		BBE2AC8723E19002008FF119 /* SceneDelegate.swift in Sources */ = {isa = PBXBuildFile; fileRef = BBE2AC8623E19002008FF119 /* SceneDelegate.swift */; };
		BBE2AC8923E19002008FF119 /* TimeTableViewController.swift in Sources */ = {isa = PBXBuildFile; fileRef = BBE2AC8823E19002008FF119 /* TimeTableViewController.swift */; };
		BBE2AC8C23E19002008FF119 /* Main.storyboard in Resources */ = {isa = PBXBuildFile; fileRef = BBE2AC8A23E19002008FF119 /* Main.storyboard */; };
		BBE2AC8E23E19003008FF119 /* Assets.xcassets in Resources */ = {isa = PBXBuildFile; fileRef = BBE2AC8D23E19003008FF119 /* Assets.xcassets */; };
		BBE2AC9123E19003008FF119 /* LaunchScreen.storyboard in Resources */ = {isa = PBXBuildFile; fileRef = BBE2AC8F23E19003008FF119 /* LaunchScreen.storyboard */; };
		BBE2ACA323E1A8ED008FF119 /* LessonCell.swift in Sources */ = {isa = PBXBuildFile; fileRef = BBE2ACA223E1A8ED008FF119 /* LessonCell.swift */; };
		BBE2ACA523E1AA40008FF119 /* Lesson.swift in Sources */ = {isa = PBXBuildFile; fileRef = BBE2ACA423E1AA40008FF119 /* Lesson.swift */; };
/* End PBXBuildFile section */

/* Begin PBXFileReference section */
		BB05139A23E82C6F00048C8E /* Group.swift */ = {isa = PBXFileReference; lastKnownFileType = sourcecode.swift; path = Group.swift; sourceTree = "<group>"; };
		BB05139C23E82CCE00048C8E /* ApiKey.swift */ = {isa = PBXFileReference; lastKnownFileType = sourcecode.swift; path = ApiKey.swift; sourceTree = "<group>"; };
		BB1157C323F10DF80022BDF2 /* LastUpdateCell.swift */ = {isa = PBXFileReference; lastKnownFileType = sourcecode.swift; path = LastUpdateCell.swift; sourceTree = "<group>"; };
		BB1997BB23E85F8000B70D42 /* TimeTableJSONParser.swift */ = {isa = PBXFileReference; lastKnownFileType = sourcecode.swift; path = TimeTableJSONParser.swift; sourceTree = "<group>"; };
		BB36B29923E1C97400659B50 /* GetTimeTableResponse.swift */ = {isa = PBXFileReference; lastKnownFileType = sourcecode.swift; path = GetTimeTableResponse.swift; sourceTree = "<group>"; };
		BB65241F23F3064D00D200FB /* CoreDataGroupSchedule.xcdatamodel */ = {isa = PBXFileReference; lastKnownFileType = wrapper.xcdatamodel; path = CoreDataGroupSchedule.xcdatamodel; sourceTree = "<group>"; };
		BB720C5223F3F1A80048B27D /* CDGroupSchedule+CoreDataClass.swift */ = {isa = PBXFileReference; lastKnownFileType = sourcecode.swift; name = "CDGroupSchedule+CoreDataClass.swift"; path = "TimeTable/CoreData/CDGroupSchedule+CoreDataClass.swift"; sourceTree = "<group>"; };
		BB720C5323F3F1A80048B27D /* CDGroupSchedule+CoreDataProperties.swift */ = {isa = PBXFileReference; lastKnownFileType = sourcecode.swift; name = "CDGroupSchedule+CoreDataProperties.swift"; path = "TimeTable/CoreData/CDGroupSchedule+CoreDataProperties.swift"; sourceTree = "<group>"; };
		BB7255DE23E3295600911B70 /* TimeTableJSON.swift */ = {isa = PBXFileReference; lastKnownFileType = sourcecode.swift; path = TimeTableJSON.swift; sourceTree = "<group>"; };
		BB7255E023E350CA00911B70 /* NetworkError.swift */ = {isa = PBXFileReference; lastKnownFileType = sourcecode.swift; path = NetworkError.swift; sourceTree = "<group>"; };
		BBC902EE23E1B81D0021CA1C /* NetworkService.swift */ = {isa = PBXFileReference; lastKnownFileType = sourcecode.swift; path = NetworkService.swift; sourceTree = "<group>"; };
		BBC902F123E1BA640021CA1C /* TimeTableNetworkService.swift */ = {isa = PBXFileReference; lastKnownFileType = sourcecode.swift; path = TimeTableNetworkService.swift; sourceTree = "<group>"; };
		BBDB02F223EE8D2F008355A0 /* GroupSchedule.swift */ = {isa = PBXFileReference; lastKnownFileType = sourcecode.swift; path = GroupSchedule.swift; sourceTree = "<group>"; };
		BBE2AC8123E19002008FF119 /* TimeTable.app */ = {isa = PBXFileReference; explicitFileType = wrapper.application; includeInIndex = 0; path = TimeTable.app; sourceTree = BUILT_PRODUCTS_DIR; };
		BBE2AC8423E19002008FF119 /* AppDelegate.swift */ = {isa = PBXFileReference; lastKnownFileType = sourcecode.swift; path = AppDelegate.swift; sourceTree = "<group>"; };
		BBE2AC8623E19002008FF119 /* SceneDelegate.swift */ = {isa = PBXFileReference; lastKnownFileType = sourcecode.swift; path = SceneDelegate.swift; sourceTree = "<group>"; };
		BBE2AC8823E19002008FF119 /* TimeTableViewController.swift */ = {isa = PBXFileReference; lastKnownFileType = sourcecode.swift; path = TimeTableViewController.swift; sourceTree = "<group>"; };
		BBE2AC8B23E19002008FF119 /* Base */ = {isa = PBXFileReference; lastKnownFileType = file.storyboard; name = Base; path = Base.lproj/Main.storyboard; sourceTree = "<group>"; };
		BBE2AC8D23E19003008FF119 /* Assets.xcassets */ = {isa = PBXFileReference; lastKnownFileType = folder.assetcatalog; path = Assets.xcassets; sourceTree = "<group>"; };
		BBE2AC9023E19003008FF119 /* Base */ = {isa = PBXFileReference; lastKnownFileType = file.storyboard; name = Base; path = Base.lproj/LaunchScreen.storyboard; sourceTree = "<group>"; };
		BBE2AC9223E19003008FF119 /* Info.plist */ = {isa = PBXFileReference; lastKnownFileType = text.plist.xml; path = Info.plist; sourceTree = "<group>"; };
		BBE2ACA223E1A8ED008FF119 /* LessonCell.swift */ = {isa = PBXFileReference; lastKnownFileType = sourcecode.swift; path = LessonCell.swift; sourceTree = "<group>"; };
		BBE2ACA423E1AA40008FF119 /* Lesson.swift */ = {isa = PBXFileReference; lastKnownFileType = sourcecode.swift; path = Lesson.swift; sourceTree = "<group>"; };
/* End PBXFileReference section */

/* Begin PBXFrameworksBuildPhase section */
		BBE2AC7E23E19002008FF119 /* Frameworks */ = {
			isa = PBXFrameworksBuildPhase;
			buildActionMask = 2147483647;
			files = (
			);
			runOnlyForDeploymentPostprocessing = 0;
		};
/* End PBXFrameworksBuildPhase section */

/* Begin PBXGroup section */
		BB0E410123E2988700AB6CDC /* Responses */ = {
			isa = PBXGroup;
			children = (
				BB36B29923E1C97400659B50 /* GetTimeTableResponse.swift */,
				BB1997BB23E85F8000B70D42 /* TimeTableJSONParser.swift */,
			);
			path = Responses;
			sourceTree = "<group>";
		};
		BBC902ED23E1B80B0021CA1C /* NetworkService */ = {
			isa = PBXGroup;
			children = (
				BBC902EE23E1B81D0021CA1C /* NetworkService.swift */,
			);
			path = NetworkService;
			sourceTree = "<group>";
		};
		BBC902F023E1BA390021CA1C /* TimeTableNetworkService */ = {
			isa = PBXGroup;
			children = (
				BBC902F123E1BA640021CA1C /* TimeTableNetworkService.swift */,
			);
			path = TimeTableNetworkService;
			sourceTree = "<group>";
		};
		BBE2AC7823E19002008FF119 = {
			isa = PBXGroup;
			children = (
				BB720C5223F3F1A80048B27D /* CDGroupSchedule+CoreDataClass.swift */,
				BB720C5323F3F1A80048B27D /* CDGroupSchedule+CoreDataProperties.swift */,
				BBE2AC8323E19002008FF119 /* TimeTable */,
				BBE2AC8223E19002008FF119 /* Products */,
			);
			sourceTree = "<group>";
		};
		BBE2AC8223E19002008FF119 /* Products */ = {
			isa = PBXGroup;
			children = (
				BBE2AC8123E19002008FF119 /* TimeTable.app */,
			);
			name = Products;
			sourceTree = "<group>";
		};
		BBE2AC8323E19002008FF119 /* TimeTable */ = {
			isa = PBXGroup;
			children = (
				BBE2AC9823E19014008FF119 /* Application */,
				BBE2AC9D23E1917D008FF119 /* TimeTable */,
				BBE2ACA123E19823008FF119 /* SupportingFiles */,
			);
			path = TimeTable;
			sourceTree = "<group>";
		};
		BBE2AC9823E19014008FF119 /* Application */ = {
			isa = PBXGroup;
			children = (
				BBE2AC9B23E1916E008FF119 /* Model */,
				BBE2AC9A23E19168008FF119 /* View */,
				BBE2AC9923E19160008FF119 /* Controller */,
				BBC902ED23E1B80B0021CA1C /* NetworkService */,
			);
			path = Application;
			sourceTree = "<group>";
		};
		BBE2AC9923E19160008FF119 /* Controller */ = {
			isa = PBXGroup;
			children = (
				BBE2AC8623E19002008FF119 /* SceneDelegate.swift */,
				BBE2AC8423E19002008FF119 /* AppDelegate.swift */,
			);
			path = Controller;
			sourceTree = "<group>";
		};
		BBE2AC9A23E19168008FF119 /* View */ = {
			isa = PBXGroup;
			children = (
				BBE2AC8F23E19003008FF119 /* LaunchScreen.storyboard */,
				BBE2AC8A23E19002008FF119 /* Main.storyboard */,
			);
			path = View;
			sourceTree = "<group>";
		};
		BBE2AC9B23E1916E008FF119 /* Model */ = {
			isa = PBXGroup;
			children = (
				BB7255E023E350CA00911B70 /* NetworkError.swift */,
				BB65241E23F3064D00D200FB /* CoreDataGroupSchedule.xcdatamodeld */,
			);
			path = Model;
			sourceTree = "<group>";
		};
		BBE2AC9D23E1917D008FF119 /* TimeTable */ = {
			isa = PBXGroup;
			children = (
				BBE2ACA023E19190008FF119 /* Model */,
				BBE2AC9F23E1918B008FF119 /* View */,
				BBE2AC9E23E19185008FF119 /* Controller */,
				BBC902F023E1BA390021CA1C /* TimeTableNetworkService */,
			);
			path = TimeTable;
			sourceTree = "<group>";
		};
		BBE2AC9E23E19185008FF119 /* Controller */ = {
			isa = PBXGroup;
			children = (
				BBE2AC8823E19002008FF119 /* TimeTableViewController.swift */,
			);
			path = Controller;
			sourceTree = "<group>";
		};
		BBE2AC9F23E1918B008FF119 /* View */ = {
			isa = PBXGroup;
			children = (
				BBE2ACA223E1A8ED008FF119 /* LessonCell.swift */,
				BB1157C323F10DF80022BDF2 /* LastUpdateCell.swift */,
			);
			path = View;
			sourceTree = "<group>";
		};
		BBE2ACA023E19190008FF119 /* Model */ = {
			isa = PBXGroup;
			children = (
				BB0E410123E2988700AB6CDC /* Responses */,
				BBE2ACA423E1AA40008FF119 /* Lesson.swift */,
				BB7255DE23E3295600911B70 /* TimeTableJSON.swift */,
				BB05139A23E82C6F00048C8E /* Group.swift */,
				BBDB02F223EE8D2F008355A0 /* GroupSchedule.swift */,
			);
			path = Model;
			sourceTree = "<group>";
		};
		BBE2ACA123E19823008FF119 /* SupportingFiles */ = {
			isa = PBXGroup;
			children = (
				BBE2AC8D23E19003008FF119 /* Assets.xcassets */,
				BBE2AC9223E19003008FF119 /* Info.plist */,
				BB05139C23E82CCE00048C8E /* ApiKey.swift */,
			);
			path = SupportingFiles;
			sourceTree = "<group>";
		};
/* End PBXGroup section */

/* Begin PBXNativeTarget section */
		BBE2AC8023E19002008FF119 /* TimeTable */ = {
			isa = PBXNativeTarget;
			buildConfigurationList = BBE2AC9523E19003008FF119 /* Build configuration list for PBXNativeTarget "TimeTable" */;
			buildPhases = (
				BBE2AC7D23E19002008FF119 /* Sources */,
				BBE2AC7E23E19002008FF119 /* Frameworks */,
				BBE2AC7F23E19002008FF119 /* Resources */,
			);
			buildRules = (
			);
			dependencies = (
			);
			name = TimeTable;
			productName = TimeTable;
			productReference = BBE2AC8123E19002008FF119 /* TimeTable.app */;
			productType = "com.apple.product-type.application";
		};
/* End PBXNativeTarget section */

/* Begin PBXProject section */
		BBE2AC7923E19002008FF119 /* Project object */ = {
			isa = PBXProject;
			attributes = {
				LastSwiftUpdateCheck = 1130;
				LastUpgradeCheck = 1130;
				ORGANIZATIONNAME = ar_ko;
				TargetAttributes = {
					BBE2AC8023E19002008FF119 = {
						CreatedOnToolsVersion = 11.3.1;
					};
				};
			};
			buildConfigurationList = BBE2AC7C23E19002008FF119 /* Build configuration list for PBXProject "TimeTable" */;
			compatibilityVersion = "Xcode 9.3";
			developmentRegion = en;
			hasScannedForEncodings = 0;
			knownRegions = (
				en,
				Base,
			);
			mainGroup = BBE2AC7823E19002008FF119;
			productRefGroup = BBE2AC8223E19002008FF119 /* Products */;
			projectDirPath = "";
			projectRoot = "";
			targets = (
				BBE2AC8023E19002008FF119 /* TimeTable */,
			);
		};
/* End PBXProject section */

/* Begin PBXResourcesBuildPhase section */
		BBE2AC7F23E19002008FF119 /* Resources */ = {
			isa = PBXResourcesBuildPhase;
			buildActionMask = 2147483647;
			files = (
				BBE2AC9123E19003008FF119 /* LaunchScreen.storyboard in Resources */,
				BBE2AC8E23E19003008FF119 /* Assets.xcassets in Resources */,
				BBE2AC8C23E19002008FF119 /* Main.storyboard in Resources */,
			);
			runOnlyForDeploymentPostprocessing = 0;
		};
/* End PBXResourcesBuildPhase section */

/* Begin PBXSourcesBuildPhase section */
		BBE2AC7D23E19002008FF119 /* Sources */ = {
			isa = PBXSourcesBuildPhase;
			buildActionMask = 2147483647;
			files = (
				BB05139B23E82C6F00048C8E /* Group.swift in Sources */,
				BBE2ACA523E1AA40008FF119 /* Lesson.swift in Sources */,
				BB1157C423F10DF80022BDF2 /* LastUpdateCell.swift in Sources */,
				BB65242023F3064D00D200FB /* CoreDataGroupSchedule.xcdatamodeld in Sources */,
				BBE2AC8923E19002008FF119 /* TimeTableViewController.swift in Sources */,
				BB7255DF23E3295600911B70 /* TimeTableJSON.swift in Sources */,
				BBE2AC8523E19002008FF119 /* AppDelegate.swift in Sources */,
				BB36B29A23E1C97400659B50 /* GetTimeTableResponse.swift in Sources */,
				BB720C5423F3F1A80048B27D /* CDGroupSchedule+CoreDataClass.swift in Sources */,
				BBC902F223E1BA640021CA1C /* TimeTableNetworkService.swift in Sources */,
				BBE2AC8723E19002008FF119 /* SceneDelegate.swift in Sources */,
				BB1997BC23E85F8000B70D42 /* TimeTableJSONParser.swift in Sources */,
				BBDB02F323EE8D2F008355A0 /* GroupSchedule.swift in Sources */,
				BBC902EF23E1B81D0021CA1C /* NetworkService.swift in Sources */,
				BBE2ACA323E1A8ED008FF119 /* LessonCell.swift in Sources */,
				BB05139D23E82CCE00048C8E /* ApiKey.swift in Sources */,
				BB7255E123E350CA00911B70 /* NetworkError.swift in Sources */,
				BB720C5523F3F1A80048B27D /* CDGroupSchedule+CoreDataProperties.swift in Sources */,
			);
			runOnlyForDeploymentPostprocessing = 0;
		};
/* End PBXSourcesBuildPhase section */

/* Begin PBXVariantGroup section */
		BBE2AC8A23E19002008FF119 /* Main.storyboard */ = {
			isa = PBXVariantGroup;
			children = (
				BBE2AC8B23E19002008FF119 /* Base */,
			);
			name = Main.storyboard;
			sourceTree = "<group>";
		};
		BBE2AC8F23E19003008FF119 /* LaunchScreen.storyboard */ = {
			isa = PBXVariantGroup;
			children = (
				BBE2AC9023E19003008FF119 /* Base */,
			);
			name = LaunchScreen.storyboard;
			sourceTree = "<group>";
		};
/* End PBXVariantGroup section */

/* Begin XCBuildConfiguration section */
		BBE2AC9323E19003008FF119 /* Debug */ = {
			isa = XCBuildConfiguration;
			buildSettings = {
				ALWAYS_SEARCH_USER_PATHS = NO;
				CLANG_ANALYZER_NONNULL = YES;
				CLANG_ANALYZER_NUMBER_OBJECT_CONVERSION = YES_AGGRESSIVE;
				CLANG_CXX_LANGUAGE_STANDARD = "gnu++14";
				CLANG_CXX_LIBRARY = "libc++";
				CLANG_ENABLE_MODULES = YES;
				CLANG_ENABLE_OBJC_ARC = YES;
				CLANG_ENABLE_OBJC_WEAK = YES;
				CLANG_WARN_BLOCK_CAPTURE_AUTORELEASING = YES;
				CLANG_WARN_BOOL_CONVERSION = YES;
				CLANG_WARN_COMMA = YES;
				CLANG_WARN_CONSTANT_CONVERSION = YES;
				CLANG_WARN_DEPRECATED_OBJC_IMPLEMENTATIONS = YES;
				CLANG_WARN_DIRECT_OBJC_ISA_USAGE = YES_ERROR;
				CLANG_WARN_DOCUMENTATION_COMMENTS = YES;
				CLANG_WARN_EMPTY_BODY = YES;
				CLANG_WARN_ENUM_CONVERSION = YES;
				CLANG_WARN_INFINITE_RECURSION = YES;
				CLANG_WARN_INT_CONVERSION = YES;
				CLANG_WARN_NON_LITERAL_NULL_CONVERSION = YES;
				CLANG_WARN_OBJC_IMPLICIT_RETAIN_SELF = YES;
				CLANG_WARN_OBJC_LITERAL_CONVERSION = YES;
				CLANG_WARN_OBJC_ROOT_CLASS = YES_ERROR;
				CLANG_WARN_RANGE_LOOP_ANALYSIS = YES;
				CLANG_WARN_STRICT_PROTOTYPES = YES;
				CLANG_WARN_SUSPICIOUS_MOVE = YES;
				CLANG_WARN_UNGUARDED_AVAILABILITY = YES_AGGRESSIVE;
				CLANG_WARN_UNREACHABLE_CODE = YES;
				CLANG_WARN__DUPLICATE_METHOD_MATCH = YES;
				COPY_PHASE_STRIP = NO;
				DEBUG_INFORMATION_FORMAT = dwarf;
				ENABLE_STRICT_OBJC_MSGSEND = YES;
				ENABLE_TESTABILITY = YES;
				GCC_C_LANGUAGE_STANDARD = gnu11;
				GCC_DYNAMIC_NO_PIC = NO;
				GCC_NO_COMMON_BLOCKS = YES;
				GCC_OPTIMIZATION_LEVEL = 0;
				GCC_PREPROCESSOR_DEFINITIONS = (
					"DEBUG=1",
					"$(inherited)",
				);
				GCC_WARN_64_TO_32_BIT_CONVERSION = YES;
				GCC_WARN_ABOUT_RETURN_TYPE = YES_ERROR;
				GCC_WARN_UNDECLARED_SELECTOR = YES;
				GCC_WARN_UNINITIALIZED_AUTOS = YES_AGGRESSIVE;
				GCC_WARN_UNUSED_FUNCTION = YES;
				GCC_WARN_UNUSED_VARIABLE = YES;
				IPHONEOS_DEPLOYMENT_TARGET = 13.2;
				MTL_ENABLE_DEBUG_INFO = INCLUDE_SOURCE;
				MTL_FAST_MATH = YES;
				ONLY_ACTIVE_ARCH = YES;
				SDKROOT = iphoneos;
				SWIFT_ACTIVE_COMPILATION_CONDITIONS = DEBUG;
				SWIFT_OPTIMIZATION_LEVEL = "-Onone";
			};
			name = Debug;
		};
		BBE2AC9423E19003008FF119 /* Release */ = {
			isa = XCBuildConfiguration;
			buildSettings = {
				ALWAYS_SEARCH_USER_PATHS = NO;
				CLANG_ANALYZER_NONNULL = YES;
				CLANG_ANALYZER_NUMBER_OBJECT_CONVERSION = YES_AGGRESSIVE;
				CLANG_CXX_LANGUAGE_STANDARD = "gnu++14";
				CLANG_CXX_LIBRARY = "libc++";
				CLANG_ENABLE_MODULES = YES;
				CLANG_ENABLE_OBJC_ARC = YES;
				CLANG_ENABLE_OBJC_WEAK = YES;
				CLANG_WARN_BLOCK_CAPTURE_AUTORELEASING = YES;
				CLANG_WARN_BOOL_CONVERSION = YES;
				CLANG_WARN_COMMA = YES;
				CLANG_WARN_CONSTANT_CONVERSION = YES;
				CLANG_WARN_DEPRECATED_OBJC_IMPLEMENTATIONS = YES;
				CLANG_WARN_DIRECT_OBJC_ISA_USAGE = YES_ERROR;
				CLANG_WARN_DOCUMENTATION_COMMENTS = YES;
				CLANG_WARN_EMPTY_BODY = YES;
				CLANG_WARN_ENUM_CONVERSION = YES;
				CLANG_WARN_INFINITE_RECURSION = YES;
				CLANG_WARN_INT_CONVERSION = YES;
				CLANG_WARN_NON_LITERAL_NULL_CONVERSION = YES;
				CLANG_WARN_OBJC_IMPLICIT_RETAIN_SELF = YES;
				CLANG_WARN_OBJC_LITERAL_CONVERSION = YES;
				CLANG_WARN_OBJC_ROOT_CLASS = YES_ERROR;
				CLANG_WARN_RANGE_LOOP_ANALYSIS = YES;
				CLANG_WARN_STRICT_PROTOTYPES = YES;
				CLANG_WARN_SUSPICIOUS_MOVE = YES;
				CLANG_WARN_UNGUARDED_AVAILABILITY = YES_AGGRESSIVE;
				CLANG_WARN_UNREACHABLE_CODE = YES;
				CLANG_WARN__DUPLICATE_METHOD_MATCH = YES;
				COPY_PHASE_STRIP = NO;
				DEBUG_INFORMATION_FORMAT = "dwarf-with-dsym";
				ENABLE_NS_ASSERTIONS = NO;
				ENABLE_STRICT_OBJC_MSGSEND = YES;
				GCC_C_LANGUAGE_STANDARD = gnu11;
				GCC_NO_COMMON_BLOCKS = YES;
				GCC_WARN_64_TO_32_BIT_CONVERSION = YES;
				GCC_WARN_ABOUT_RETURN_TYPE = YES_ERROR;
				GCC_WARN_UNDECLARED_SELECTOR = YES;
				GCC_WARN_UNINITIALIZED_AUTOS = YES_AGGRESSIVE;
				GCC_WARN_UNUSED_FUNCTION = YES;
				GCC_WARN_UNUSED_VARIABLE = YES;
				IPHONEOS_DEPLOYMENT_TARGET = 13.2;
				MTL_ENABLE_DEBUG_INFO = NO;
				MTL_FAST_MATH = YES;
				SDKROOT = iphoneos;
				SWIFT_COMPILATION_MODE = wholemodule;
				SWIFT_OPTIMIZATION_LEVEL = "-O";
				VALIDATE_PRODUCT = YES;
			};
			name = Release;
		};
		BBE2AC9623E19003008FF119 /* Debug */ = {
			isa = XCBuildConfiguration;
			buildSettings = {
				ASSETCATALOG_COMPILER_APPICON_NAME = AppIcon;
				CODE_SIGN_STYLE = Automatic;
				DEVELOPMENT_TEAM = C97NTYG8P8;
				INFOPLIST_FILE = TimeTable/SupportingFiles/Info.plist;
				IPHONEOS_DEPLOYMENT_TARGET = 13.0;
				LD_RUNPATH_SEARCH_PATHS = (
					"$(inherited)",
					"@executable_path/Frameworks",
				);
				PRODUCT_BUNDLE_IDENTIFIER = "ar-ko.TimeTable";
				PRODUCT_NAME = TimeTable;
				SWIFT_VERSION = 5.0;
				TARGETED_DEVICE_FAMILY = "1,2";
			};
			name = Debug;
		};
		BBE2AC9723E19003008FF119 /* Release */ = {
			isa = XCBuildConfiguration;
			buildSettings = {
				ASSETCATALOG_COMPILER_APPICON_NAME = AppIcon;
				CODE_SIGN_STYLE = Automatic;
				DEVELOPMENT_TEAM = C97NTYG8P8;
				INFOPLIST_FILE = TimeTable/SupportingFiles/Info.plist;
				IPHONEOS_DEPLOYMENT_TARGET = 13.0;
				LD_RUNPATH_SEARCH_PATHS = (
					"$(inherited)",
					"@executable_path/Frameworks",
				);
				PRODUCT_BUNDLE_IDENTIFIER = "ar-ko.TimeTable";
				PRODUCT_NAME = TimeTable;
				SWIFT_VERSION = 5.0;
				TARGETED_DEVICE_FAMILY = "1,2";
			};
			name = Release;
		};
/* End XCBuildConfiguration section */

/* Begin XCConfigurationList section */
		BBE2AC7C23E19002008FF119 /* Build configuration list for PBXProject "TimeTable" */ = {
			isa = XCConfigurationList;
			buildConfigurations = (
				BBE2AC9323E19003008FF119 /* Debug */,
				BBE2AC9423E19003008FF119 /* Release */,
			);
			defaultConfigurationIsVisible = 0;
			defaultConfigurationName = Release;
		};
		BBE2AC9523E19003008FF119 /* Build configuration list for PBXNativeTarget "TimeTable" */ = {
			isa = XCConfigurationList;
			buildConfigurations = (
				BBE2AC9623E19003008FF119 /* Debug */,
				BBE2AC9723E19003008FF119 /* Release */,
			);
			defaultConfigurationIsVisible = 0;
			defaultConfigurationName = Release;
		};
/* End XCConfigurationList section */

/* Begin XCVersionGroup section */
		BB65241E23F3064D00D200FB /* CoreDataGroupSchedule.xcdatamodeld */ = {
			isa = XCVersionGroup;
			children = (
				BB65241F23F3064D00D200FB /* CoreDataGroupSchedule.xcdatamodel */,
			);
			currentVersion = BB65241F23F3064D00D200FB /* CoreDataGroupSchedule.xcdatamodel */;
			path = CoreDataGroupSchedule.xcdatamodeld;
			sourceTree = "<group>";
			versionGroupType = wrapper.xcdatamodel;
		};
/* End XCVersionGroup section */
	};
	rootObject = BBE2AC7923E19002008FF119 /* Project object */;
}
